
Microsoft Visual Studio Solution File, Format Version 12.00
# Visual Studio Version 17
VisualStudioVersion = 17.3.32901.215
MinimumVisualStudioVersion = 10.0.40219.1
Project("{FAE04EC0-301F-11D3-BF4B-00C04F79EFBC}") = "ApiVersioning", "ApiVersioning\ApiVersioning.csproj", "{BBE53EB9-1714-449D-B431-E21C7E037DC8}"
EndProject
Global
	GlobalSection(SolutionConfigurationPlatforms) = preSolution
		Debug|Any CPU = Debug|Any CPU
		Release|Any CPU = Release|Any CPU
	EndGlobalSection
	GlobalSection(ProjectConfigurationPlatforms) = postSolution
		{BBE53EB9-1714-449D-B431-E21C7E037DC8}.Debug|Any CPU.ActiveCfg = Debug|Any CPU
		{BBE53EB9-1714-449D-B431-E21C7E037DC8}.Debug|Any CPU.Build.0 = Debug|Any CPU
		{BBE53EB9-1714-449D-B431-E21C7E037DC8}.Release|Any CPU.ActiveCfg = Release|Any CPU
		{BBE53EB9-1714-449D-B431-E21C7E037DC8}.Release|Any CPU.Build.0 = Release|Any CPU
	EndGlobalSection
	GlobalSection(SolutionProperties) = preSolution
		HideSolutionNode = FALSE
	EndGlobalSection
	GlobalSection(ExtensibilityGlobals) = postSolution
		SolutionGuid = {98C106F6-B813-423D-BFF5-9AB4A1F8CE64}
	EndGlobalSection
EndGlobal
