
Microsoft Visual Studio Solution File, Format Version 12.00
# Visual Studio Version 17
VisualStudioVersion = 17.3.32901.215
MinimumVisualStudioVersion = 10.0.40219.1
Project("{FAE04EC0-301F-11D3-BF4B-00C04F79EFBC}") = "ImmutableStack", "ImmutableStack\ImmutableStack.csproj", "{DD5D7C31-E0FC-4CF4-9B51-7C178E7131F6}"
EndProject
Global
	GlobalSection(SolutionConfigurationPlatforms) = preSolution
		Debug|Any CPU = Debug|Any CPU
		Release|Any CPU = Release|Any CPU
	EndGlobalSection
	GlobalSection(ProjectConfigurationPlatforms) = postSolution
		{DD5D7C31-E0FC-4CF4-9B51-7C178E7131F6}.Debug|Any CPU.ActiveCfg = Debug|Any CPU
		{DD5D7C31-E0FC-4CF4-9B51-7C178E7131F6}.Debug|Any CPU.Build.0 = Debug|Any CPU
		{DD5D7C31-E0FC-4CF4-9B51-7C178E7131F6}.Release|Any CPU.ActiveCfg = Release|Any CPU
		{DD5D7C31-E0FC-4CF4-9B51-7C178E7131F6}.Release|Any CPU.Build.0 = Release|Any CPU
	EndGlobalSection
	GlobalSection(SolutionProperties) = preSolution
		HideSolutionNode = FALSE
	EndGlobalSection
	GlobalSection(ExtensibilityGlobals) = postSolution
		SolutionGuid = {53155EAF-F90A-4D29-88B2-30557FFB9E22}
	EndGlobalSection
EndGlobal
