
Microsoft Visual Studio Solution File, Format Version 12.00
# Visual Studio Version 17
VisualStudioVersion = 17.3.32901.215
MinimumVisualStudioVersion = 10.0.40219.1
Project("{FAE04EC0-301F-11D3-BF4B-00C04F79EFBC}") = "Spells", "Spells\Spells.csproj", "{630C5D5E-6815-408B-A824-AC5FF40ABE8C}"
EndProject
Global
	GlobalSection(SolutionConfigurationPlatforms) = preSolution
		Debug|Any CPU = Debug|Any CPU
		Release|Any CPU = Release|Any CPU
	EndGlobalSection
	GlobalSection(ProjectConfigurationPlatforms) = postSolution
		{630C5D5E-6815-408B-A824-AC5FF40ABE8C}.Debug|Any CPU.ActiveCfg = Debug|Any CPU
		{630C5D5E-6815-408B-A824-AC5FF40ABE8C}.Debug|Any CPU.Build.0 = Debug|Any CPU
		{630C5D5E-6815-408B-A824-AC5FF40ABE8C}.Release|Any CPU.ActiveCfg = Release|Any CPU
		{630C5D5E-6815-408B-A824-AC5FF40ABE8C}.Release|Any CPU.Build.0 = Release|Any CPU
	EndGlobalSection
	GlobalSection(SolutionProperties) = preSolution
		HideSolutionNode = FALSE
	EndGlobalSection
	GlobalSection(ExtensibilityGlobals) = postSolution
		SolutionGuid = {7005A7F7-BBD3-4552-BF13-296147EE0788}
	EndGlobalSection
EndGlobal
